
Microsoft Visual Studio Solution File, Format Version 12.00
# Visual Studio 15
VisualStudioVersion = 15.0.27004.2009
MinimumVisualStudioVersion = 10.0.40219.1
Project("{FAE04EC0-301F-11D3-BF4B-00C04F79EFBC}") = "Activity7_3", "Activity7_3\Activity7_3.csproj", "{D08C1F4B-A5AE-4552-934B-3F92FFA7B236}"
EndProject
Global
	GlobalSection(SolutionConfigurationPlatforms) = preSolution
		Debug|Any CPU = Debug|Any CPU
		Release|Any CPU = Release|Any CPU
	EndGlobalSection
	GlobalSection(ProjectConfigurationPlatforms) = postSolution
		{D08C1F4B-A5AE-4552-934B-3F92FFA7B236}.Debug|Any CPU.ActiveCfg = Debug|Any CPU
		{D08C1F4B-A5AE-4552-934B-3F92FFA7B236}.Debug|Any CPU.Build.0 = Debug|Any CPU
		{D08C1F4B-A5AE-4552-934B-3F92FFA7B236}.Release|Any CPU.ActiveCfg = Release|Any CPU
		{D08C1F4B-A5AE-4552-934B-3F92FFA7B236}.Release|Any CPU.Build.0 = Release|Any CPU
	EndGlobalSection
	GlobalSection(SolutionProperties) = preSolution
		HideSolutionNode = FALSE
	EndGlobalSection
	GlobalSection(ExtensibilityGlobals) = postSolution
		SolutionGuid = {BE133468-D217-4CFF-8562-0EDB9C30A613}
	EndGlobalSection
EndGlobal
