
Microsoft Visual Studio Solution File, Format Version 12.00
# Visual Studio 15
VisualStudioVersion = 15.0.27004.2009
MinimumVisualStudioVersion = 10.0.40219.1
Project("{FAE04EC0-301F-11D3-BF4B-00C04F79EFBC}") = "Activity8_1", "Activity8_1\Activity8_1.csproj", "{0584E72E-7DBE-42D4-840D-2E69B05D836F}"
EndProject
Global
	GlobalSection(SolutionConfigurationPlatforms) = preSolution
		Debug|Any CPU = Debug|Any CPU
		Release|Any CPU = Release|Any CPU
	EndGlobalSection
	GlobalSection(ProjectConfigurationPlatforms) = postSolution
		{0584E72E-7DBE-42D4-840D-2E69B05D836F}.Debug|Any CPU.ActiveCfg = Debug|Any CPU
		{0584E72E-7DBE-42D4-840D-2E69B05D836F}.Debug|Any CPU.Build.0 = Debug|Any CPU
		{0584E72E-7DBE-42D4-840D-2E69B05D836F}.Release|Any CPU.ActiveCfg = Release|Any CPU
		{0584E72E-7DBE-42D4-840D-2E69B05D836F}.Release|Any CPU.Build.0 = Release|Any CPU
	EndGlobalSection
	GlobalSection(SolutionProperties) = preSolution
		HideSolutionNode = FALSE
	EndGlobalSection
	GlobalSection(ExtensibilityGlobals) = postSolution
		SolutionGuid = {AF9BF0DA-F72C-4A50-952E-E6B3EB3F9E91}
	EndGlobalSection
EndGlobal
