
Microsoft Visual Studio Solution File, Format Version 12.00
# Visual Studio 15
VisualStudioVersion = 15.0.27004.2009
MinimumVisualStudioVersion = 10.0.40219.1
Project("{FAE04EC0-301F-11D3-BF4B-00C04F79EFBC}") = "Activity10_1", "Activity10_1\Activity10_1.csproj", "{50F9AD45-D1E6-41C0-AE7A-6A6970896E0D}"
EndProject
Global
	GlobalSection(SolutionConfigurationPlatforms) = preSolution
		Debug|Any CPU = Debug|Any CPU
		Release|Any CPU = Release|Any CPU
	EndGlobalSection
	GlobalSection(ProjectConfigurationPlatforms) = postSolution
		{50F9AD45-D1E6-41C0-AE7A-6A6970896E0D}.Debug|Any CPU.ActiveCfg = Debug|Any CPU
		{50F9AD45-D1E6-41C0-AE7A-6A6970896E0D}.Debug|Any CPU.Build.0 = Debug|Any CPU
		{50F9AD45-D1E6-41C0-AE7A-6A6970896E0D}.Release|Any CPU.ActiveCfg = Release|Any CPU
		{50F9AD45-D1E6-41C0-AE7A-6A6970896E0D}.Release|Any CPU.Build.0 = Release|Any CPU
	EndGlobalSection
	GlobalSection(SolutionProperties) = preSolution
		HideSolutionNode = FALSE
	EndGlobalSection
	GlobalSection(ExtensibilityGlobals) = postSolution
		SolutionGuid = {9732267E-AB03-4A3C-A4D9-C47F17C3B346}
	EndGlobalSection
EndGlobal
