
Microsoft Visual Studio Solution File, Format Version 12.00
# Visual Studio 15
VisualStudioVersion = 15.0.27004.2009
MinimumVisualStudioVersion = 10.0.40219.1
Project("{FAE04EC0-301F-11D3-BF4B-00C04F79EFBC}") = "Activity5_2", "Activity5_2\Activity5_2.csproj", "{0CE8364D-472E-459B-93E9-C11B5D70314C}"
EndProject
Global
	GlobalSection(SolutionConfigurationPlatforms) = preSolution
		Debug|Any CPU = Debug|Any CPU
		Release|Any CPU = Release|Any CPU
	EndGlobalSection
	GlobalSection(ProjectConfigurationPlatforms) = postSolution
		{0CE8364D-472E-459B-93E9-C11B5D70314C}.Debug|Any CPU.ActiveCfg = Debug|Any CPU
		{0CE8364D-472E-459B-93E9-C11B5D70314C}.Debug|Any CPU.Build.0 = Debug|Any CPU
		{0CE8364D-472E-459B-93E9-C11B5D70314C}.Release|Any CPU.ActiveCfg = Release|Any CPU
		{0CE8364D-472E-459B-93E9-C11B5D70314C}.Release|Any CPU.Build.0 = Release|Any CPU
	EndGlobalSection
	GlobalSection(SolutionProperties) = preSolution
		HideSolutionNode = FALSE
	EndGlobalSection
	GlobalSection(ExtensibilityGlobals) = postSolution
		SolutionGuid = {8E5578AB-8822-4DBF-AE3A-ADFFAB38B3DA}
	EndGlobalSection
EndGlobal
