
Microsoft Visual Studio Solution File, Format Version 12.00
# Visual Studio 15
VisualStudioVersion = 15.0.27004.2009
MinimumVisualStudioVersion = 10.0.40219.1
Project("{FAE04EC0-301F-11D3-BF4B-00C04F79EFBC}") = "Activity10_3", "Activity10_3\Activity10_3.csproj", "{5FAE0368-7906-4EB8-99C4-0C85CCC89186}"
EndProject
Global
	GlobalSection(SolutionConfigurationPlatforms) = preSolution
		Debug|Any CPU = Debug|Any CPU
		Release|Any CPU = Release|Any CPU
	EndGlobalSection
	GlobalSection(ProjectConfigurationPlatforms) = postSolution
		{5FAE0368-7906-4EB8-99C4-0C85CCC89186}.Debug|Any CPU.ActiveCfg = Debug|Any CPU
		{5FAE0368-7906-4EB8-99C4-0C85CCC89186}.Debug|Any CPU.Build.0 = Debug|Any CPU
		{5FAE0368-7906-4EB8-99C4-0C85CCC89186}.Release|Any CPU.ActiveCfg = Release|Any CPU
		{5FAE0368-7906-4EB8-99C4-0C85CCC89186}.Release|Any CPU.Build.0 = Release|Any CPU
	EndGlobalSection
	GlobalSection(SolutionProperties) = preSolution
		HideSolutionNode = FALSE
	EndGlobalSection
	GlobalSection(ExtensibilityGlobals) = postSolution
		SolutionGuid = {0A24D303-227B-4C33-B2D4-DF05E1520C27}
	EndGlobalSection
EndGlobal
